<?xml version="1.0" encoding="utf-8"?>
<Project ToolsVersion="4.0" xmlns="http://schemas.microsoft.com/developer/msbuild/2003">
  <ItemGroup>
    <Filter Include="Main">
      <UniqueIdentifier>{4FC737F1-C7A5-4376-A066-2A32D752A2FF}</UniqueIdentifier>
      <Extensions>cpp;c;cc;cxx;c++;cppm;ixx;def;odl;idl;hpj;bat;asm;asmx</Extensions>
    </Filter>
    <Filter Include="Util">
      <UniqueIdentifier>{b9a74a13-0c45-4121-84f7-0476841befac}</UniqueIdentifier>
    </Filter>
    <Filter Include="Mesh">
      <UniqueIdentifier>{da8bab5f-d4cc-4fb1-a461-4d5f0f6528f1}</UniqueIdentifier>
    </Filter>
    <Filter Include="ImGUI">
      <UniqueIdentifier>{351858d5-dc98-4848-bcf2-8861fd7153e7}</UniqueIdentifier>
    </Filter>
    <Filter Include="ImGUI\GLSL">
      <UniqueIdentifier>{63ae3624-d0ad-4f70-a141-c767c2fcf211}</UniqueIdentifier>
    </Filter>
  </ItemGroup>
  <ItemGroup>
    <ClCompile Include="src\AbstractScene.cpp">
      <Filter>Main</Filter>
    </ClCompile>
    <ClCompile Include="src\main.cpp">
      <Filter>Main</Filter>
    </ClCompile>
    <ClCompile Include="src\Scene01Checker2D.cpp">
      <Filter>Main</Filter>
    </ClCompile>
    <ClCompile Include="src\Scene02ImageSmoothing.cpp">
      <Filter>Main</Filter>
    </ClCompile>
    <ClCompile Include="src\Scene03WaveAnimation.cpp">
      <Filter>Main</Filter>
    </ClCompile>
    <ClCompile Include="src\Scene04PseudoNormal.cpp">
      <Filter>Main</Filter>
    </ClCompile>
    <ClCompile Include="src\Scene05EnvironmentMapping.cpp">
      <Filter>Main</Filter>
    </ClCompile>
    <ClCompile Include="src\arcball_camera.cpp">
      <Filter>Util</Filter>
    </ClCompile>
    <ClCompile Include="src\CheckGLError.cpp">
      <Filter>Util</Filter>
    </ClCompile>
    <ClCompile Include="src\tinyfiledialogs.cpp">
      <Filter>Util</Filter>
    </ClCompile>
    <ClCompile Include="src\TriMesh.cpp">
      <Filter>Mesh</Filter>
    </ClCompile>
    <ClCompile Include="src\imgui.cpp">
      <Filter>ImGUI</Filter>
    </ClCompile>
    <ClCompile Include="src\imgui_demo.cpp">
      <Filter>ImGUI</Filter>
    </ClCompile>
    <ClCompile Include="src\imgui_draw.cpp">
      <Filter>ImGUI</Filter>
    </ClCompile>
    <ClCompile Include="src\imgui_impl_glfw.cpp">
      <Filter>ImGUI</Filter>
    </ClCompile>
    <ClCompile Include="src\imgui_impl_opengl3.cpp">
      <Filter>ImGUI</Filter>
    </ClCompile>
    <ClCompile Include="src\imgui_tables.cpp">
      <Filter>ImGUI</Filter>
    </ClCompile>
    <ClCompile Include="src\imgui_widgets.cpp">
      <Filter>ImGUI</Filter>
    </ClCompile>
    <ClCompile Include="src\GLSLProgramObject.cpp">
      <Filter>Util</Filter>
    </ClCompile>
    <ClCompile Include="src\GLSLShaderObject.cpp">
      <Filter>Util</Filter>
    </ClCompile>
    <ClCompile Include="src\Image2OGLTexture.cpp">
      <Filter>Util</Filter>
    </ClCompile>
  </ItemGroup>
  <ItemGroup>
    <ClInclude Include="src\AbstractScene.h">
      <Filter>Main</Filter>
    </ClInclude>
    <ClInclude Include="src\Scene01Checker2D.h">
      <Filter>Main</Filter>
    </ClInclude>
    <ClInclude Include="src\Scene02ImageSmoothing.h">
      <Filter>Main</Filter>
    </ClInclude>
    <ClInclude Include="src\Scene03WaveAnimation.h">
      <Filter>Main</Filter>
    </ClInclude>
    <ClInclude Include="src\Scene04PseudoNormal.h">
      <Filter>Main</Filter>
    </ClInclude>
    <ClInclude Include="src\Scene05EnvironmentMapping.h">
      <Filter>Main</Filter>
    </ClInclude>
    <ClInclude Include="src\arcball_camera.h">
      <Filter>Util</Filter>
    </ClInclude>
    <ClInclude Include="src\CheckGLError.h">
      <Filter>Util</Filter>
    </ClInclude>
    <ClInclude Include="src\tinyfiledialogs.h">
      <Filter>Util</Filter>
    </ClInclude>
    <ClInclude Include="src\PathFinder.h">
      <Filter>Util</Filter>
    </ClInclude>
    <ClInclude Include="src\TriMesh.h">
      <Filter>Mesh</Filter>
    </ClInclude>
    <ClInclude Include="src\fast_obj.h">
      <Filter>Mesh</Filter>
    </ClInclude>
    <ClInclude Include="src\imconfig.h">
      <Filter>ImGUI</Filter>
    </ClInclude>
    <ClInclude Include="src\imgui.h">
      <Filter>ImGUI</Filter>
    </ClInclude>
    <ClInclude Include="src\imgui_impl_glfw.h">
      <Filter>ImGUI</Filter>
    </ClInclude>
    <ClInclude Include="src\imgui_impl_opengl3.h">
      <Filter>ImGUI</Filter>
    </ClInclude>
    <ClInclude Include="src\imgui_internal.h">
      <Filter>ImGUI</Filter>
    </ClInclude>
    <ClInclude Include="src\imstb_rectpack.h">
      <Filter>ImGUI</Filter>
    </ClInclude>
    <ClInclude Include="src\imstb_textedit.h">
      <Filter>ImGUI</Filter>
    </ClInclude>
    <ClInclude Include="src\imstb_truetype.h">
      <Filter>ImGUI</Filter>
    </ClInclude>
    <ClInclude Include="src\GLSLProgramObject.h">
      <Filter>Util</Filter>
    </ClInclude>
    <ClInclude Include="src\GLSLShaderObject.h">
      <Filter>Util</Filter>
    </ClInclude>
    <ClInclude Include="src\Image2OGLTexture.h">
      <Filter>Util</Filter>
    </ClInclude>
  </ItemGroup>
  <ItemGroup>
    <None Include="GLSL\scene02_image_smoothing.frag">
      <Filter>ImGUI\GLSL</Filter>
    </None>
    <None Include="GLSL\scene02_image_smoothing.vert">
      <Filter>ImGUI\GLSL</Filter>
    </None>
    <None Include="GLSL\scene03_wave_animation.frag">
      <Filter>ImGUI\GLSL</Filter>
    </None>
    <None Include="GLSL\scene03_wave_animation.vert">
      <Filter>ImGUI\GLSL</Filter>
    </None>
    <None Include="GLSL\scene04_pseudo_normal.frag">
      <Filter>ImGUI\GLSL</Filter>
    </None>
    <None Include="GLSL\scene04_pseudo_normal.vert">
      <Filter>ImGUI\GLSL</Filter>
    </None>
    <None Include="GLSL\scene05_envmap.frag">
      <Filter>ImGUI\GLSL</Filter>
    </None>
    <None Include="GLSL\scene05_envmap.vert">
      <Filter>ImGUI\GLSL</Filter>
    </None>
    <None Include="GLSL\tex.frag">
      <Filter>ImGUI\GLSL</Filter>
    </None>
    <None Include="GLSL\tex.vert">
      <Filter>ImGUI\GLSL</Filter>
    </None>
    <None Include="GLSL\color.frag">
      <Filter>ImGUI\GLSL</Filter>
    </None>
    <None Include="GLSL\color.vert">
      <Filter>ImGUI\GLSL</Filter>
    </None>
    <None Include="GLSL\scene01_checker2D.frag">
      <Filter>ImGUI\GLSL</Filter>
    </None>
    <None Include="GLSL\scene01_checker2D.vert">
      <Filter>ImGUI\GLSL</Filter>
    </None>
  </ItemGroup>
</Project>